{
  "REQ-001": {
    "specFile": "specs/feature.md",
    "contentHash": "abc123def456",
    "impl": [
      "src/feature.ts"
    ],
    "tests": [
      "tests/feature.test.ts"
    ],
    "lastReconciled": "2025-01-01T00:00:00.000Z"
  },
  "REQ-002": {
    "specFile": "specs/feature.md",
    "contentHash": "789ghi012jkl",
    "impl": [
      "src/feature.ts"
    ],
    "tests": [
      "tests/feature.test.ts"
    ],
    "dependsOn": [
      {
        "id": "REQ-001",
        "provenances": ["frontmatter"]
      }
    ],
    "lastReconciled": "2025-01-01T00:00:00.000Z"
  },
  "doc:feature-overview": {
    "specFile": "specs/feature.md",
    "contentHash": "mno345pqr678",
    "dependsOn": [
      {
        "id": "REQ-002",
        "provenances": ["frontmatter"]
      }
    ],
    "lastReconciled": "2025-01-01T00:00:00.000Z"
  }
}
